
Microsoft Visual Studio Solution File, Format Version 12.00
# Visual Studio Version 16
VisualStudioVersion = 16.0.33529.622
MinimumVisualStudioVersion = 10.0.40219.1
Project("{FAE04EC0-301F-11D3-BF4B-00C04F79EFBC}") = "FactoryMethod", "FactoryMethod\FactoryMethod.csproj", "{8D90E113-CF20-4BAE-AF38-52CA0245A5ED}"
EndProject
Global
	GlobalSection(SolutionConfigurationPlatforms) = preSolution
		Debug|Any CPU = Debug|Any CPU
		Release|Any CPU = Release|Any CPU
	EndGlobalSection
	GlobalSection(ProjectConfigurationPlatforms) = postSolution
		{8D90E113-CF20-4BAE-AF38-52CA0245A5ED}.Debug|Any CPU.ActiveCfg = Debug|Any CPU
		{8D90E113-CF20-4BAE-AF38-52CA0245A5ED}.Debug|Any CPU.Build.0 = Debug|Any CPU
		{8D90E113-CF20-4BAE-AF38-52CA0245A5ED}.Release|Any CPU.ActiveCfg = Release|Any CPU
		{8D90E113-CF20-4BAE-AF38-52CA0245A5ED}.Release|Any CPU.Build.0 = Release|Any CPU
	EndGlobalSection
	GlobalSection(SolutionProperties) = preSolution
		HideSolutionNode = FALSE
	EndGlobalSection
	GlobalSection(ExtensibilityGlobals) = postSolution
		SolutionGuid = {D5016609-D067-45B7-B0ED-22163B743EBA}
	EndGlobalSection
EndGlobal
